github.com/go-telegram-bot-api/telegram-bot-api/v5 v5.5.1 h1:wG8n/XJQ07TmjbITcGiUaOtXxdrINDz1b0J1w0SzqDc=
github.com/go-telegram-bot-api/telegram-bot-api/v5 v5.5.1/go.mod h1:A2S0CWkNylc2phvKXWBBdD3K0iGnDBGbzRpISP2zBl8=
github.com/otiai10/mint v1.4.1 h1:HOVBfKP1oXIc0wWo9hZ8JLdZtyCPWqjvmFDuVZ0yv2Y=
github.com/otiai10/mint v1.6.1 h1:kgbTJmOpp/0ce7hk3H8jiSuR0MXmpwWRfqUdKww17qg=
github.com/otiai10/openaigo v1.0.0 h1:E4SoShWjMVltBAkM4/QsxGPhPKZlpKp0GSK6Ov1MSOg=
github.com/otiai10/openaigo v1.0.0/go.mod h1:792bx6AWTS61weDi2EzKpHHnTF4eDMAlJ5GvAk/mgPg=
github.com/otiai10/openaigo v1.5.2 h1:YnNDisZmA4syArF3IxMCIrfgZOq30PLV219gPY7n2z8=
github.com/otiai10/openaigo v1.5.2/go.mod h1:kIaXc3V+Xy5JLplcBxehVyGYDtufHp3PFPy04jOwOAI=
